// !$*UTF8*$!
{
	archiveVersion = 1;
	classes = {
	};
	objectVersion = 56;
	objects = {

/* Begin PBXBuildFile section */
		000000000000000000000002 /* BMCApp.swift in Sources */ = {isa = PBXBuildFile; fileRef = 000000000000000000000001 /* BMCApp.swift */; };
		000000000000000000000004 /* Models.swift in Sources */ = {isa = PBXBuildFile; fileRef = 000000000000000000000003 /* Models.swift */; };
		000000000000000000000006 /* Database.swift in Sources */ = {isa = PBXBuildFile; fileRef = 000000000000000000000005 /* Database.swift */; };
		000000000000000000000008 /* HomeView.swift in Sources */ = {isa = PBXBuildFile; fileRef = 000000000000000000000007 /* HomeView.swift */; };
		00000000000000000000000A /* CategoryView.swift in Sources */ = {isa = PBXBuildFile; fileRef = 000000000000000000000009 /* CategoryView.swift */; };
		00000000000000000000000C /* SafariView.swift in Sources */ = {isa = PBXBuildFile; fileRef = 00000000000000000000000B /* SafariView.swift */; };
		00000000000000000000000E /* DataSync.swift in Sources */ = {isa = PBXBuildFile; fileRef = 00000000000000000000000D /* DataSync.swift */; };
		000000000000000000000010 /* bmc.db in Resources */ = {isa = PBXBuildFile; fileRef = 00000000000000000000000F /* bmc.db */; };
		000000000000000000000022 /* DeepLink.swift in Sources */ = {isa = PBXBuildFile; fileRef = 000000000000000000000021 /* DeepLink.swift */; };
		000000000000000000000024 /* SyncManager.swift in Sources */ = {isa = PBXBuildFile; fileRef = 000000000000000000000023 /* SyncManager.swift */; };
		000000000000000000000026 /* PathDetailView.swift in Sources */ = {isa = PBXBuildFile; fileRef = 000000000000000000000025 /* PathDetailView.swift */; };
		000000000000000000000028 /* UserState.swift in Sources */ = {isa = PBXBuildFile; fileRef = 000000000000000000000027 /* UserState.swift */; };
/* End PBXBuildFile section */

/* Begin PBXFileReference section */
		000000000000000000000001 /* BMCApp.swift */ = {isa = PBXFileReference; lastKnownFileType = sourcecode.swift; path = "BMCApp.swift"; sourceTree = "<group>"; };
		000000000000000000000003 /* Models.swift */ = {isa = PBXFileReference; lastKnownFileType = sourcecode.swift; path = "Models.swift"; sourceTree = "<group>"; };
		000000000000000000000005 /* Database.swift */ = {isa = PBXFileReference; lastKnownFileType = sourcecode.swift; path = "Database.swift"; sourceTree = "<group>"; };
		000000000000000000000007 /* HomeView.swift */ = {isa = PBXFileReference; lastKnownFileType = sourcecode.swift; path = "HomeView.swift"; sourceTree = "<group>"; };
		000000000000000000000009 /* CategoryView.swift */ = {isa = PBXFileReference; lastKnownFileType = sourcecode.swift; path = "CategoryView.swift"; sourceTree = "<group>"; };
		00000000000000000000000B /* SafariView.swift */ = {isa = PBXFileReference; lastKnownFileType = sourcecode.swift; path = "SafariView.swift"; sourceTree = "<group>"; };
		00000000000000000000000D /* DataSync.swift */ = {isa = PBXFileReference; lastKnownFileType = sourcecode.swift; path = "DataSync.swift"; sourceTree = "<group>"; };
		00000000000000000000000F /* bmc.db */ = {isa = PBXFileReference; lastKnownFileType = file; path = "bmc.db"; sourceTree = "<group>"; };
		000000000000000000000015 /* BadmintonMasterClass.app */ = {isa = PBXFileReference; explicitFileType = wrapper.application; includeInIndex = 0; path = "BadmintonMasterClass.app"; sourceTree = BUILT_PRODUCTS_DIR; };
		000000000000000000000021 /* DeepLink.swift */ = {isa = PBXFileReference; lastKnownFileType = sourcecode.swift; path = "DeepLink.swift"; sourceTree = "<group>"; };
		000000000000000000000023 /* SyncManager.swift */ = {isa = PBXFileReference; lastKnownFileType = sourcecode.swift; path = "SyncManager.swift"; sourceTree = "<group>"; };
		000000000000000000000025 /* PathDetailView.swift */ = {isa = PBXFileReference; lastKnownFileType = sourcecode.swift; path = "PathDetailView.swift"; sourceTree = "<group>"; };
		000000000000000000000027 /* UserState.swift */ = {isa = PBXFileReference; lastKnownFileType = sourcecode.swift; path = "UserState.swift"; sourceTree = "<group>"; };
/* End PBXFileReference section */

/* Begin PBXFrameworksBuildPhase section */
		000000000000000000000020 /* Frameworks */ = {
			isa = PBXFrameworksBuildPhase;
			buildActionMask = 2147483647;
			files = (
			);
			runOnlyForDeploymentPostprocessing = 0;
		};
/* End PBXFrameworksBuildPhase section */

/* Begin PBXGroup section */
		000000000000000000000011 /* Resources */ = {
			isa = PBXGroup;
			children = (
				00000000000000000000000F /* bmc.db */,
			);
			path = Resources;
			sourceTree = "<group>";
		};
		000000000000000000000012 /* BadmintonMasterClass */ = {
			isa = PBXGroup;
			children = (
				000000000000000000000001 /* BMCApp.swift */,
				000000000000000000000003 /* Models.swift */,
				000000000000000000000005 /* Database.swift */,
				000000000000000000000007 /* HomeView.swift */,
				000000000000000000000009 /* CategoryView.swift */,
				00000000000000000000000B /* SafariView.swift */,
				00000000000000000000000D /* DataSync.swift */,
				000000000000000000000021 /* DeepLink.swift */,
				000000000000000000000023 /* SyncManager.swift */,
				000000000000000000000025 /* PathDetailView.swift */,
				000000000000000000000027 /* UserState.swift */,
				000000000000000000000011 /* Resources */,
			);
			path = BadmintonMasterClass;
			sourceTree = "<group>";
		};
		000000000000000000000013 = {
			isa = PBXGroup;
			children = (
				000000000000000000000012 /* BadmintonMasterClass */,
				000000000000000000000014 /* Products */,
			);
			sourceTree = "<group>";
		};
		000000000000000000000014 /* Products */ = {
			isa = PBXGroup;
			children = (
				000000000000000000000015 /* BadmintonMasterClass.app */,
			);
			name = Products;
			sourceTree = "<group>";
		};
/* End PBXGroup section */

/* Begin PBXNativeTarget section */
		000000000000000000000016 /* BadmintonMasterClass */ = {
			isa = PBXNativeTarget;
			buildConfigurationList = 000000000000000000000019 /* Build configuration list for PBXNativeTarget */;
			buildPhases = (
				00000000000000000000001E /* Sources */,
				000000000000000000000020 /* Frameworks */,
				00000000000000000000001F /* Resources */,
			);
			buildRules = (
			);
			dependencies = (
			);
			name = BadmintonMasterClass;
			productName = BadmintonMasterClass;
			productReference = 000000000000000000000015 /* BadmintonMasterClass.app */;
			productType = "com.apple.product-type.application";
		};
/* End PBXNativeTarget section */

/* Begin PBXProject section */
		000000000000000000000017 /* Project object */ = {
			isa = PBXProject;
			attributes = {
				LastSwiftUpdateCheck = 1600;
				LastUpgradeCheck = 1600;
			};
			buildConfigurationList = 000000000000000000000018 /* Build configuration list for PBXProject */;
			compatibilityVersion = "Xcode 14.0";
			developmentRegion = zh;
			hasScannedForEncodings = 0;
			knownRegions = (
				zh,
				en,
				Base,
			);
			mainGroup = 000000000000000000000013;
			productRefGroup = 000000000000000000000014 /* Products */;
			projectDirPath = "";
			projectRoot = "";
			targets = (
				000000000000000000000016 /* BadmintonMasterClass */,
			);
		};
/* End PBXProject section */

/* Begin PBXResourcesBuildPhase section */
		00000000000000000000001F /* Resources */ = {
			isa = PBXResourcesBuildPhase;
			buildActionMask = 2147483647;
			files = (
				000000000000000000000010 /* bmc.db in Resources */,
			);
			runOnlyForDeploymentPostprocessing = 0;
		};
/* End PBXResourcesBuildPhase section */

/* Begin PBXSourcesBuildPhase section */
		00000000000000000000001E /* Sources */ = {
			isa = PBXSourcesBuildPhase;
			buildActionMask = 2147483647;
			files = (
				000000000000000000000002 /* BMCApp.swift in Sources */,
				000000000000000000000004 /* Models.swift in Sources */,
				000000000000000000000006 /* Database.swift in Sources */,
				000000000000000000000008 /* HomeView.swift in Sources */,
				00000000000000000000000A /* CategoryView.swift in Sources */,
				00000000000000000000000C /* SafariView.swift in Sources */,
				00000000000000000000000E /* DataSync.swift in Sources */,
				000000000000000000000022 /* DeepLink.swift in Sources */,
				000000000000000000000024 /* SyncManager.swift in Sources */,
				000000000000000000000026 /* PathDetailView.swift in Sources */,
				000000000000000000000028 /* UserState.swift in Sources */,
			);
			runOnlyForDeploymentPostprocessing = 0;
		};
/* End PBXSourcesBuildPhase section */

/* Begin XCBuildConfiguration section */
		00000000000000000000001A /* Debug */ = {
			isa = XCBuildConfiguration;
			buildSettings = {
				ALWAYS_SEARCH_USER_PATHS = NO;
				CLANG_ANALYZER_NONNULL = YES;
				CLANG_CXX_LANGUAGE_STANDARD = "gnu++20";
				CLANG_ENABLE_MODULES = YES;
				CLANG_ENABLE_OBJC_ARC = YES;
				COPY_PHASE_STRIP = NO;
				DEBUG_INFORMATION_FORMAT = dwarf;
				ENABLE_TESTABILITY = YES;
				GCC_C_LANGUAGE_STANDARD = gnu17;
				GCC_OPTIMIZATION_LEVEL = 0;
				GCC_WARN_ABOUT_RETURN_TYPE = YES_ERROR;
				GCC_WARN_UNINITIALIZED_AUTOS = YES_AGGRESSIVE;
				IPHONEOS_DEPLOYMENT_TARGET = 17.0;
				MTL_ENABLE_DEBUG_INFO = INCLUDE_SOURCE;
				ONLY_ACTIVE_ARCH = YES;
				SDKROOT = iphoneos;
				SWIFT_ACTIVE_COMPILATION_CONDITIONS = "$(inherited) DEBUG";
				SWIFT_OPTIMIZATION_LEVEL = "-Onone";
				SWIFT_VERSION = 5.0;
			};
			name = Debug;
		};
		00000000000000000000001B /* Release */ = {
			isa = XCBuildConfiguration;
			buildSettings = {
				ALWAYS_SEARCH_USER_PATHS = NO;
				CLANG_ANALYZER_NONNULL = YES;
				CLANG_CXX_LANGUAGE_STANDARD = "gnu++20";
				CLANG_ENABLE_MODULES = YES;
				CLANG_ENABLE_OBJC_ARC = YES;
				COPY_PHASE_STRIP = NO;
				DEBUG_INFORMATION_FORMAT = "dwarf-with-dsym";
				ENABLE_NS_ASSERTIONS = NO;
				GCC_C_LANGUAGE_STANDARD = gnu17;
				GCC_WARN_ABOUT_RETURN_TYPE = YES_ERROR;
				GCC_WARN_UNINITIALIZED_AUTOS = YES_AGGRESSIVE;
				IPHONEOS_DEPLOYMENT_TARGET = 17.0;
				SDKROOT = iphoneos;
				SWIFT_COMPILATION_MODE = wholemodule;
				SWIFT_VERSION = 5.0;
				VALIDATE_PRODUCT = YES;
			};
			name = Release;
		};
		00000000000000000000001C /* Debug */ = {
			isa = XCBuildConfiguration;
			buildSettings = {
				ASSETCATALOG_COMPILER_APPICON_NAME = AppIcon;
				GENERATE_INFOPLIST_FILE = YES;
				INFOPLIST_KEY_UIApplicationSceneManifest_Generation = YES;
				INFOPLIST_KEY_UIApplicationSupportsIndirectInputEvents = YES;
				INFOPLIST_KEY_UILaunchScreen_Generation = YES;
				INFOPLIST_KEY_UISupportedInterfaceOrientations_iPad = "UIInterfaceOrientationPortrait UIInterfaceOrientationPortraitUpsideDown UIInterfaceOrientationLandscapeLeft UIInterfaceOrientationLandscapeRight";
				INFOPLIST_KEY_UISupportedInterfaceOrientations_iPhone = "UIInterfaceOrientationPortrait UIInterfaceOrientationLandscapeLeft UIInterfaceOrientationLandscapeRight";
				IPHONEOS_DEPLOYMENT_TARGET = 17.0;
				LD_RUNPATH_SEARCH_PATHS = "@executable_path/Frameworks";
				PRODUCT_BUNDLE_IDENTIFIER = com.bmc.app;
				PRODUCT_NAME = "$(TARGET_NAME)";
				SWIFT_EMIT_LOC_STRINGS = YES;
				SWIFT_VERSION = 5.0;
				TARGETED_DEVICE_FAMILY = "1,2";
			};
			name = Debug;
		};
		00000000000000000000001D /* Release */ = {
			isa = XCBuildConfiguration;
			buildSettings = {
				ASSETCATALOG_COMPILER_APPICON_NAME = AppIcon;
				GENERATE_INFOPLIST_FILE = YES;
				INFOPLIST_KEY_UIApplicationSceneManifest_Generation = YES;
				INFOPLIST_KEY_UIApplicationSupportsIndirectInputEvents = YES;
				INFOPLIST_KEY_UILaunchScreen_Generation = YES;
				INFOPLIST_KEY_UISupportedInterfaceOrientations_iPad = "UIInterfaceOrientationPortrait UIInterfaceOrientationPortraitUpsideDown UIInterfaceOrientationLandscapeLeft UIInterfaceOrientationLandscapeRight";
				INFOPLIST_KEY_UISupportedInterfaceOrientations_iPhone = "UIInterfaceOrientationPortrait UIInterfaceOrientationLandscapeLeft UIInterfaceOrientationLandscapeRight";
				IPHONEOS_DEPLOYMENT_TARGET = 17.0;
				LD_RUNPATH_SEARCH_PATHS = "@executable_path/Frameworks";
				PRODUCT_BUNDLE_IDENTIFIER = com.bmc.app;
				PRODUCT_NAME = "$(TARGET_NAME)";
				SWIFT_EMIT_LOC_STRINGS = YES;
				SWIFT_OPTIMIZATION_LEVEL = "-Owholemodule";
				SWIFT_VERSION = 5.0;
				TARGETED_DEVICE_FAMILY = "1,2";
			};
			name = Release;
		};
/* End XCBuildConfiguration section */

/* Begin XCConfigurationList section */
		000000000000000000000018 /* Build configuration list for PBXProject */ = {
			isa = XCConfigurationList;
			buildConfigurations = (
				00000000000000000000001A /* Debug */,
				00000000000000000000001B /* Release */,
			);
			defaultConfigurationIsVisible = 0;
			defaultConfigurationName = Release;
		};
		000000000000000000000019 /* Build configuration list for PBXNativeTarget */ = {
			isa = XCConfigurationList;
			buildConfigurations = (
				00000000000000000000001C /* Debug */,
				00000000000000000000001D /* Release */,
			);
			defaultConfigurationIsVisible = 0;
			defaultConfigurationName = Release;
		};
/* End XCConfigurationList section */
	};
	rootObject = 000000000000000000000017 /* Project object */;
}
